
Microsoft Visual Studio Solution File, Format Version 12.00
# Visual Studio Version 16
VisualStudioVersion = 16.0.33328.57
MinimumVisualStudioVersion = 10.0.40219.1
Project("{9A19103F-16F7-4668-BE54-9A1E7A4F7556}") = "Vinylesque", "Vinylsque\Vinylesque.csproj", "{B140F2D1-31DE-4519-8097-474D55CD9123}"
EndProject
Global
	GlobalSection(SolutionConfigurationPlatforms) = preSolution
		Debug|Any CPU = Debug|Any CPU
		Release|Any CPU = Release|Any CPU
	EndGlobalSection
	GlobalSection(ProjectConfigurationPlatforms) = postSolution
		{B140F2D1-31DE-4519-8097-474D55CD9123}.Debug|Any CPU.ActiveCfg = Debug|Any CPU
		{B140F2D1-31DE-4519-8097-474D55CD9123}.Debug|Any CPU.Build.0 = Debug|Any CPU
		{B140F2D1-31DE-4519-8097-474D55CD9123}.Release|Any CPU.ActiveCfg = Release|Any CPU
		{B140F2D1-31DE-4519-8097-474D55CD9123}.Release|Any CPU.Build.0 = Release|Any CPU
	EndGlobalSection
	GlobalSection(SolutionProperties) = preSolution
		HideSolutionNode = FALSE
	EndGlobalSection
	GlobalSection(ExtensibilityGlobals) = postSolution
		SolutionGuid = {847730D7-3FBA-4419-B0BF-F4DC60C729C0}
	EndGlobalSection
EndGlobal
